{
  "R": {
    "Version": "4.2.1",
    "Repositories": [
      {
        "Name": "CRAN",
        "URL": "https://cloud.r-project.org"
      }
    ]
  },
  "Bioconductor": {
    "Version": "3.15"
  },
  "Packages": {
    "BH": {
      "Package": "BH",
      "Version": "1.78.0-0",
      "Source": "Repository",
      "Repository": "CRAN",
      "Hash": "4e348572ffcaa2fb1e610e7a941f6f3a",
      "Requirements": []
    },
    "Biobase": {
      "Package": "Biobase",
      "Version": "2.56.0",
      "Source": "Bioconductor",
      "git_url": "https://git.bioconductor.org/packages/Biobase",
      "git_branch": "RELEASE_3_15",
      "git_last_commit": "3b2dd91",
      "git_last_commit_date": "2022-04-26",
      "Hash": "b58c1eb25be406d1a35dd4cff0e9ba2e",
      "Requirements": [
        "BiocGenerics"
      ]
    },
    "BiocGenerics": {
      "Package": "BiocGenerics",
      "Version": "0.42.0",
      "Source": "Bioconductor",
      "git_url": "https://git.bioconductor.org/packages/BiocGenerics",
      "git_branch": "RELEASE_3_15",
      "git_last_commit": "3582d47",
      "git_last_commit_date": "2022-04-26",
      "Hash": "37348ee784e82c0a6b650146275b459d",
      "Requirements": []
    },
    "BiocIO": {
      "Package": "BiocIO",
      "Version": "1.6.0",
      "Source": "Bioconductor",
      "git_url": "https://git.bioconductor.org/packages/BiocIO",
      "git_branch": "RELEASE_3_15",
      "git_last_commit": "60c8aa1",
      "git_last_commit_date": "2022-04-26",
      "Hash": "2f96961b653e126bfca131ede146a613",
      "Requirements": [
        "BiocGenerics",
        "S4Vectors"
      ]
    },
    "BiocManager": {
      "Package": "BiocManager",
      "Version": "1.30.18",
      "Source": "Repository",
      "Repository": "CRAN",
      "Hash": "b1a93bed5debda5775636086fdca017b",
      "Requirements": []
    },
    "BiocParallel": {
      "Package": "BiocParallel",
      "Version": "1.30.3",
      "Source": "Bioconductor",
      "git_url": "https://git.bioconductor.org/packages/BiocParallel",
      "git_branch": "RELEASE_3_15",
      "git_last_commit": "f753ae8",
      "git_last_commit_date": "2022-06-04",
      "Hash": "6679083c9b26ccd9f474ac5ad0bf5ea6",
      "Requirements": [
        "BH",
        "codetools",
        "futile.logger",
        "snow"
      ]
    },
    "BiocVersion": {
      "Package": "BiocVersion",
      "Version": "3.15.2",
      "Source": "Bioconductor",
      "git_url": "https://git.bioconductor.org/packages/BiocVersion",
      "git_branch": "master",
      "git_last_commit": "818ab03",
      "git_last_commit_date": "2022-03-29",
      "Hash": "48e545a2fa24a967de72b1114bfe96ac",
      "Requirements": []
    },
    "Biostrings": {
      "Package": "Biostrings",
      "Version": "2.64.0",
      "Source": "Bioconductor",
      "git_url": "https://git.bioconductor.org/packages/Biostrings",
      "git_branch": "RELEASE_3_15",
      "git_last_commit": "c7ad3c7",
      "git_last_commit_date": "2022-04-26",
      "Hash": "bb0da3fab1de7f0db482b74f45bff16c",
      "Requirements": [
        "BiocGenerics",
        "GenomeInfoDb",
        "IRanges",
        "S4Vectors",
        "XVector",
        "crayon"
      ]
    },
    "DelayedArray": {
      "Package": "DelayedArray",
      "Version": "0.22.0",
      "Source": "Bioconductor",
      "git_url": "https://git.bioconductor.org/packages/DelayedArray",
      "git_branch": "RELEASE_3_15",
      "git_last_commit": "4a5afd1",
      "git_last_commit_date": "2022-04-26",
      "Hash": "c83a6e282a9669d4e04eb2d2ce8660a8",
      "Requirements": [
        "BiocGenerics",
        "IRanges",
        "Matrix",
        "MatrixGenerics",
        "S4Vectors"
      ]
    },
    "GenomeInfoDb": {
      "Package": "GenomeInfoDb",
      "Version": "1.32.2",
      "Source": "Bioconductor",
      "git_url": "https://git.bioconductor.org/packages/GenomeInfoDb",
      "git_branch": "RELEASE_3_15",
      "git_last_commit": "2e40af3",
      "git_last_commit_date": "2022-05-09",
      "Hash": "a6aebe06c23ee8b8dc6f0c607e6af600",
      "Requirements": [
        "BiocGenerics",
        "GenomeInfoDbData",
        "IRanges",
        "RCurl",
        "S4Vectors"
      ]
    },
    "GenomeInfoDbData": {
      "Package": "GenomeInfoDbData",
      "Version": "1.2.8",
      "Source": "Bioconductor",
      "Hash": "b0e605ca22c2a5c6a65a3960729462da",
      "Requirements": []
    },
    "GenomicAlignments": {
      "Package": "GenomicAlignments",
      "Version": "1.32.1",
      "Source": "Bioconductor",
      "git_url": "https://git.bioconductor.org/packages/GenomicAlignments",
      "git_branch": "RELEASE_3_15",
      "git_last_commit": "2553580",
      "git_last_commit_date": "2022-07-21",
      "Hash": "7d2a019a8c54d79b3455fe320cb11059",
      "Requirements": [
        "BiocGenerics",
        "BiocParallel",
        "Biostrings",
        "GenomeInfoDb",
        "GenomicRanges",
        "IRanges",
        "Rsamtools",
        "S4Vectors",
        "SummarizedExperiment"
      ]
    },
    "GenomicRanges": {
      "Package": "GenomicRanges",
      "Version": "1.48.0",
      "Source": "Bioconductor",
      "git_url": "https://git.bioconductor.org/packages/GenomicRanges",
      "git_branch": "RELEASE_3_15",
      "git_last_commit": "2bce608",
      "git_last_commit_date": "2022-04-26",
      "Hash": "07625db342974bca20a6d82dfc34386d",
      "Requirements": [
        "BiocGenerics",
        "GenomeInfoDb",
        "IRanges",
        "S4Vectors",
        "XVector"
      ]
    },
    "HDF5Array": {
      "Package": "HDF5Array",
      "Version": "1.24.1",
      "Source": "Bioconductor",
      "git_url": "https://git.bioconductor.org/packages/HDF5Array",
      "git_branch": "RELEASE_3_15",
      "git_last_commit": "d002fe7",
      "git_last_commit_date": "2022-06-01",
      "Hash": "12c641beab44764d4449838db235ad92",
      "Requirements": [
        "BiocGenerics",
        "DelayedArray",
        "IRanges",
        "Matrix",
        "Rhdf5lib",
        "S4Vectors",
        "rhdf5",
        "rhdf5filters"
      ]
    },
    "IRanges": {
      "Package": "IRanges",
      "Version": "2.30.0",
      "Source": "Bioconductor",
      "git_url": "https://git.bioconductor.org/packages/IRanges",
      "git_branch": "RELEASE_3_15",
      "git_last_commit": "9b5f3ca",
      "git_last_commit_date": "2022-04-26",
      "Hash": "27d19cab80fa238e21abfbd2892120f4",
      "Requirements": [
        "BiocGenerics",
        "S4Vectors"
      ]
    },
    "InteractionSet": {
      "Package": "InteractionSet",
      "Version": "1.24.0",
      "Source": "Bioconductor",
      "git_url": "https://git.bioconductor.org/packages/InteractionSet",
      "git_branch": "RELEASE_3_15",
      "git_last_commit": "5894618",
      "git_last_commit_date": "2022-04-26",
      "Hash": "e77a1c73d0cf2b391502dfbdb9b78202",
      "Requirements": [
        "BiocGenerics",
        "GenomeInfoDb",
        "GenomicRanges",
        "IRanges",
        "Matrix",
        "Rcpp",
        "S4Vectors",
        "SummarizedExperiment"
      ]
    },
    "Matrix": {
      "Package": "Matrix",
      "Version": "1.4-1",
      "Source": "Repository",
      "Repository": "CRAN",
      "Hash": "699c47c606293bdfbc9fd78a93c9c8fe",
      "Requirements": [
        "lattice"
      ]
    },
    "MatrixGenerics": {
      "Package": "MatrixGenerics",
      "Version": "1.8.1",
      "Source": "Bioconductor",
      "git_url": "https://git.bioconductor.org/packages/MatrixGenerics",
      "git_branch": "RELEASE_3_15",
      "git_last_commit": "a4a2108",
      "git_last_commit_date": "2022-06-23",
      "Hash": "0b6a466982071e55981cf5dd8d1c3ceb",
      "Requirements": [
        "matrixStats"
      ]
    },
    "R6": {
      "Package": "R6",
      "Version": "2.5.1",
      "Source": "Repository",
      "Repository": "CRAN",
      "Hash": "470851b6d5d0ac559e9d01bb352b4021",
      "Requirements": []
    },
    "RCurl": {
      "Package": "RCurl",
      "Version": "1.98-1.7",
      "Source": "Repository",
      "Repository": "CRAN",
      "Hash": "b70bf7bef94b2a3fa09795b0594f3695",
      "Requirements": [
        "bitops"
      ]
    },
    "Rcpp": {
      "Package": "Rcpp",
      "Version": "1.0.9",
      "Source": "Repository",
      "Repository": "CRAN",
      "Hash": "e9c08b94391e9f3f97355841229124f2",
      "Requirements": []
    },
    "Rhdf5lib": {
      "Package": "Rhdf5lib",
      "Version": "1.18.2",
      "Source": "Bioconductor",
      "git_url": "https://git.bioconductor.org/packages/Rhdf5lib",
      "git_branch": "RELEASE_3_15",
      "git_last_commit": "d104bbf",
      "git_last_commit_date": "2022-05-12",
      "Hash": "2958e31b9b8ea852e487bcb3c24b5b09",
      "Requirements": []
    },
    "Rhtslib": {
      "Package": "Rhtslib",
      "Version": "1.28.0",
      "Source": "Bioconductor",
      "git_url": "https://git.bioconductor.org/packages/Rhtslib",
      "git_branch": "RELEASE_3_15",
      "git_last_commit": "214fde2",
      "git_last_commit_date": "2022-04-26",
      "Hash": "6cda0d827f065bf128b75e8a88473c10",
      "Requirements": [
        "zlibbioc"
      ]
    },
    "Rsamtools": {
      "Package": "Rsamtools",
      "Version": "2.12.0",
      "Source": "Bioconductor",
      "git_url": "https://git.bioconductor.org/packages/Rsamtools",
      "git_branch": "RELEASE_3_15",
      "git_last_commit": "d6a65dd",
      "git_last_commit_date": "2022-04-26",
      "Hash": "4665745352d449bb37eedb7f860ce22f",
      "Requirements": [
        "BiocGenerics",
        "BiocParallel",
        "Biostrings",
        "GenomeInfoDb",
        "GenomicRanges",
        "IRanges",
        "Rhtslib",
        "S4Vectors",
        "XVector",
        "bitops",
        "zlibbioc"
      ]
    },
    "S4Vectors": {
      "Package": "S4Vectors",
      "Version": "0.34.0",
      "Source": "Bioconductor",
      "git_url": "https://git.bioconductor.org/packages/S4Vectors",
      "git_branch": "RELEASE_3_15",
      "git_last_commit": "f590de3",
      "git_last_commit_date": "2022-04-26",
      "Hash": "90677cc888563927cecacd4067ccad45",
      "Requirements": [
        "BiocGenerics"
      ]
    },
    "SummarizedExperiment": {
      "Package": "SummarizedExperiment",
      "Version": "1.26.1",
      "Source": "Bioconductor",
      "git_url": "https://git.bioconductor.org/packages/SummarizedExperiment",
      "git_branch": "RELEASE_3_15",
      "git_last_commit": "c8cbd3b",
      "git_last_commit_date": "2022-04-28",
      "Hash": "7cbcf1fe7236f18f1a961877fbf2d78c",
      "Requirements": [
        "Biobase",
        "BiocGenerics",
        "DelayedArray",
        "GenomeInfoDb",
        "GenomicRanges",
        "IRanges",
        "Matrix",
        "MatrixGenerics",
        "S4Vectors"
      ]
    },
    "XML": {
      "Package": "XML",
      "Version": "3.99-0.10",
      "Source": "Repository",
      "Repository": "CRAN",
      "Hash": "f140675d766cf765bf06a5f14afb149d",
      "Requirements": []
    },
    "XVector": {
      "Package": "XVector",
      "Version": "0.36.0",
      "Source": "Bioconductor",
      "git_url": "https://git.bioconductor.org/packages/XVector",
      "git_branch": "RELEASE_3_15",
      "git_last_commit": "ff6f818",
      "git_last_commit_date": "2022-04-26",
      "Hash": "03b87ac645463f29d04c2461d5de9610",
      "Requirements": [
        "BiocGenerics",
        "IRanges",
        "S4Vectors",
        "zlibbioc"
      ]
    },
    "abind": {
      "Package": "abind",
      "Version": "1.4-5",
      "Source": "Repository",
      "Repository": "CRAN",
      "Hash": "4f57884290cc75ab22f4af9e9d4ca862",
      "Requirements": []
    },
    "assertthat": {
      "Package": "assertthat",
      "Version": "0.2.1",
      "Source": "Repository",
      "Repository": "CRAN",
      "Hash": "50c838a310445e954bc13f26f26a6ecf",
      "Requirements": []
    },
    "bitops": {
      "Package": "bitops",
      "Version": "1.0-7",
      "Source": "Repository",
      "Repository": "CRAN",
      "Hash": "b7d8d8ee39869c18d8846a184dd8a1af",
      "Requirements": []
    },
    "cli": {
      "Package": "cli",
      "Version": "3.3.0",
      "Source": "Repository",
      "Repository": "CRAN",
      "Hash": "23abf173c2b783dcc43379ab9bba00ee",
      "Requirements": [
        "glue"
      ]
    },
    "codetools": {
      "Package": "codetools",
      "Version": "0.2-18",
      "Source": "Repository",
      "Repository": "CRAN",
      "Hash": "019388fc48e48b3da0d3a76ff94608a8",
      "Requirements": []
    },
    "crayon": {
      "Package": "crayon",
      "Version": "1.5.1",
      "Source": "Repository",
      "Repository": "CRAN",
      "Hash": "8dc45fd8a1ee067a92b85ef274e66d6a",
      "Requirements": []
    },
    "data.table": {
      "Package": "data.table",
      "Version": "1.14.2",
      "Source": "Repository",
      "Repository": "CRAN",
      "Hash": "36b67b5adf57b292923f5659f5f0c853",
      "Requirements": []
    },
    "dbscan": {
      "Package": "dbscan",
      "Version": "1.1-11",
      "Source": "Repository",
      "Repository": "CRAN",
      "Hash": "1363f02b54d086ace5af19f590697f90",
      "Requirements": [
        "Rcpp"
      ]
    },
    "dplyr": {
      "Package": "dplyr",
      "Version": "1.0.9",
      "Source": "Repository",
      "Repository": "CRAN",
      "Hash": "f0bda1627a7f5d3f9a0b5add931596ac",
      "Requirements": [
        "R6",
        "generics",
        "glue",
        "lifecycle",
        "magrittr",
        "pillar",
        "rlang",
        "tibble",
        "tidyselect",
        "vctrs"
      ]
    },
    "ellipsis": {
      "Package": "ellipsis",
      "Version": "0.3.2",
      "Source": "Repository",
      "Repository": "CRAN",
      "Hash": "bb0eec2fe32e88d9e2836c2f73ea2077",
      "Requirements": [
        "rlang"
      ]
    },
    "fansi": {
      "Package": "fansi",
      "Version": "1.0.3",
      "Source": "Repository",
      "Repository": "CRAN",
      "Hash": "83a8afdbe71839506baa9f90eebad7ec",
      "Requirements": []
    },
    "formatR": {
      "Package": "formatR",
      "Version": "1.12",
      "Source": "Repository",
      "Repository": "CRAN",
      "Hash": "e45696cc90f4d5b993fa1a289e01c5df",
      "Requirements": []
    },
    "futile.logger": {
      "Package": "futile.logger",
      "Version": "1.4.3",
      "Source": "Repository",
      "Repository": "CRAN",
      "Hash": "99f0ace8c05ec7d3683d27083c4f1e7e",
      "Requirements": [
        "futile.options",
        "lambda.r"
      ]
    },
    "futile.options": {
      "Package": "futile.options",
      "Version": "1.0.1",
      "Source": "Repository",
      "Repository": "CRAN",
      "Hash": "0d9bf02413ddc2bbe8da9ce369dcdd2b",
      "Requirements": []
    },
    "generics": {
      "Package": "generics",
      "Version": "0.1.3",
      "Source": "Repository",
      "Repository": "CRAN",
      "Hash": "15e9634c0fcd294799e9b2e929ed1b86",
      "Requirements": []
    },
    "glue": {
      "Package": "glue",
      "Version": "1.6.2",
      "Source": "Repository",
      "Repository": "CRAN",
      "Hash": "4f2596dfb05dac67b9dc558e5c6fba2e",
      "Requirements": []
    },
    "hms": {
      "Package": "hms",
      "Version": "1.1.1",
      "Source": "Repository",
      "Repository": "CRAN",
      "Hash": "5b8a2dd0fdbe2ab4f6081e6c7be6dfca",
      "Requirements": [
        "ellipsis",
        "lifecycle",
        "pkgconfig",
        "rlang",
        "vctrs"
      ]
    },
    "lambda.r": {
      "Package": "lambda.r",
      "Version": "1.2.4",
      "Source": "Repository",
      "Repository": "CRAN",
      "Hash": "b1e925c4b9ffeb901bacf812cbe9a6ad",
      "Requirements": [
        "formatR"
      ]
    },
    "lattice": {
      "Package": "lattice",
      "Version": "0.20-45",
      "Source": "Repository",
      "Repository": "CRAN",
      "Hash": "b64cdbb2b340437c4ee047a1f4c4377b",
      "Requirements": []
    },
    "lifecycle": {
      "Package": "lifecycle",
      "Version": "1.0.1",
      "Source": "Repository",
      "Repository": "CRAN",
      "Hash": "a6b6d352e3ed897373ab19d8395c98d0",
      "Requirements": [
        "glue",
        "rlang"
      ]
    },
    "magrittr": {
      "Package": "magrittr",
      "Version": "2.0.3",
      "Source": "Repository",
      "Repository": "CRAN",
      "Hash": "7ce2733a9826b3aeb1775d56fd305472",
      "Requirements": []
    },
    "mariner": {
      "Package": "mariner",
      "Version": "0.1.0",
      "Source": "GitHub",
      "RemoteType": "github",
      "Remotes": "EricSDavis/straw/R",
      "RemoteHost": "api.github.com",
      "RemoteRepo": "mariner",
      "RemoteUsername": "EricSDavis",
      "RemoteRef": "dev",
      "RemoteSha": "fd671246452b87dd473d44499b880e515a6ea478",
      "Hash": "6442be3168d488ea7f1ae634eb5b6d35",
      "Requirements": [
        "BiocParallel",
        "DelayedArray",
        "GenomeInfoDb",
        "GenomicRanges",
        "HDF5Array",
        "InteractionSet",
        "S4Vectors",
        "abind",
        "assertthat",
        "data.table",
        "dbscan",
        "glue",
        "magrittr",
        "plyranges",
        "progress",
        "purrr",
        "rlang",
        "strawr"
      ]
    },
    "matrixStats": {
      "Package": "matrixStats",
      "Version": "0.62.0",
      "Source": "Repository",
      "Repository": "CRAN",
      "Hash": "36ad89a805c436c5316c22490079da67",
      "Requirements": []
    },
    "pillar": {
      "Package": "pillar",
      "Version": "1.8.0",
      "Source": "Repository",
      "Repository": "CRAN",
      "Hash": "f95cf85794546c4ac2b9a6ca42e671ff",
      "Requirements": [
        "cli",
        "fansi",
        "glue",
        "lifecycle",
        "rlang",
        "utf8",
        "vctrs"
      ]
    },
    "pkgconfig": {
      "Package": "pkgconfig",
      "Version": "2.0.3",
      "Source": "Repository",
      "Repository": "CRAN",
      "Hash": "01f28d4278f15c76cddbea05899c5d6f",
      "Requirements": []
    },
    "plyranges": {
      "Package": "plyranges",
      "Version": "1.16.0",
      "Source": "Bioconductor",
      "git_url": "https://git.bioconductor.org/packages/plyranges",
      "git_branch": "RELEASE_3_15",
      "git_last_commit": "6d76588",
      "git_last_commit_date": "2022-04-26",
      "Hash": "a5b46d0a8c9521934c731d01d8e56db6",
      "Requirements": [
        "BiocGenerics",
        "GenomeInfoDb",
        "GenomicAlignments",
        "GenomicRanges",
        "IRanges",
        "Rsamtools",
        "S4Vectors",
        "dplyr",
        "magrittr",
        "rlang",
        "rtracklayer",
        "tidyselect"
      ]
    },
    "prettyunits": {
      "Package": "prettyunits",
      "Version": "1.1.1",
      "Source": "Repository",
      "Repository": "CRAN",
      "Hash": "95ef9167b75dde9d2ccc3c7528393e7e",
      "Requirements": []
    },
    "progress": {
      "Package": "progress",
      "Version": "1.2.2",
      "Source": "Repository",
      "Repository": "CRAN",
      "Hash": "14dc9f7a3c91ebb14ec5bb9208a07061",
      "Requirements": [
        "R6",
        "crayon",
        "hms",
        "prettyunits"
      ]
    },
    "purrr": {
      "Package": "purrr",
      "Version": "0.3.4",
      "Source": "Repository",
      "Repository": "CRAN",
      "Hash": "97def703420c8ab10d8f0e6c72101e02",
      "Requirements": [
        "magrittr",
        "rlang"
      ]
    },
    "renv": {
      "Package": "renv",
      "Version": "0.15.5",
      "Source": "Repository",
      "Repository": "CRAN",
      "Hash": "6a38294e7d12f5d8e656b08c5bd8ae34",
      "Requirements": []
    },
    "restfulr": {
      "Package": "restfulr",
      "Version": "0.0.15",
      "Source": "Repository",
      "Repository": "CRAN",
      "Hash": "44651c1e68eda9d462610aca9f15a815",
      "Requirements": [
        "RCurl",
        "S4Vectors",
        "XML",
        "rjson",
        "yaml"
      ]
    },
    "rhdf5": {
      "Package": "rhdf5",
      "Version": "2.40.0",
      "Source": "Bioconductor",
      "git_url": "https://git.bioconductor.org/packages/rhdf5",
      "git_branch": "RELEASE_3_15",
      "git_last_commit": "fb6c15a",
      "git_last_commit_date": "2022-04-26",
      "Hash": "46690d82f3e32c11679919456785c42c",
      "Requirements": [
        "Rhdf5lib",
        "rhdf5filters"
      ]
    },
    "rhdf5filters": {
      "Package": "rhdf5filters",
      "Version": "1.8.0",
      "Source": "Bioconductor",
      "git_url": "https://git.bioconductor.org/packages/rhdf5filters",
      "git_branch": "RELEASE_3_15",
      "git_last_commit": "b0b588b",
      "git_last_commit_date": "2022-04-26",
      "Hash": "aa885eebeb76d010138fdafe9e91245e",
      "Requirements": [
        "Rhdf5lib"
      ]
    },
    "rjson": {
      "Package": "rjson",
      "Version": "0.2.21",
      "Source": "Repository",
      "Repository": "CRAN",
      "Hash": "f9da75e6444e95a1baf8ca24909d63b9",
      "Requirements": []
    },
    "rlang": {
      "Package": "rlang",
      "Version": "1.0.4",
      "Source": "Repository",
      "Repository": "CRAN",
      "Hash": "6539dd8c651e67e3b55b5ffea106362b",
      "Requirements": []
    },
    "rtracklayer": {
      "Package": "rtracklayer",
      "Version": "1.56.1",
      "Source": "Bioconductor",
      "git_url": "https://git.bioconductor.org/packages/rtracklayer",
      "git_branch": "RELEASE_3_15",
      "git_last_commit": "4c6d220",
      "git_last_commit_date": "2022-06-22",
      "Hash": "b0b85c053f94f15a6987993debd70763",
      "Requirements": [
        "BiocGenerics",
        "BiocIO",
        "Biostrings",
        "GenomeInfoDb",
        "GenomicAlignments",
        "GenomicRanges",
        "IRanges",
        "RCurl",
        "Rsamtools",
        "S4Vectors",
        "XML",
        "XVector",
        "restfulr",
        "zlibbioc"
      ]
    },
    "snow": {
      "Package": "snow",
      "Version": "0.4-4",
      "Source": "Repository",
      "Repository": "CRAN",
      "Hash": "40b74690debd20c57d93d8c246b305d4",
      "Requirements": []
    },
    "strawr": {
      "Package": "strawr",
      "Version": "0.0.9",
      "Source": "GitHub",
      "RemoteType": "github",
      "RemoteHost": "api.github.com",
      "RemoteRepo": "straw",
      "RemoteUsername": "EricSDavis",
      "RemoteRef": "HEAD",
      "RemoteSha": "b57a3a6a97b959e959104be955605cbe74eda1cc",
      "RemoteSubdir": "R",
      "Hash": "26b863b4e2c7ff576cb72a88420ce7d1",
      "Requirements": [
        "Rcpp"
      ]
    },
    "tibble": {
      "Package": "tibble",
      "Version": "3.1.8",
      "Source": "Repository",
      "Repository": "CRAN",
      "Hash": "56b6934ef0f8c68225949a8672fe1a8f",
      "Requirements": [
        "fansi",
        "lifecycle",
        "magrittr",
        "pillar",
        "pkgconfig",
        "rlang",
        "vctrs"
      ]
    },
    "tidyselect": {
      "Package": "tidyselect",
      "Version": "1.1.2",
      "Source": "Repository",
      "Repository": "CRAN",
      "Hash": "17f6da8cfd7002760a859915ce7eef8f",
      "Requirements": [
        "ellipsis",
        "glue",
        "purrr",
        "rlang",
        "vctrs"
      ]
    },
    "utf8": {
      "Package": "utf8",
      "Version": "1.2.2",
      "Source": "Repository",
      "Repository": "CRAN",
      "Hash": "c9c462b759a5cc844ae25b5942654d13",
      "Requirements": []
    },
    "vctrs": {
      "Package": "vctrs",
      "Version": "0.4.1",
      "Source": "Repository",
      "Repository": "CRAN",
      "Hash": "8b54f22e2a58c4f275479c92ce041a57",
      "Requirements": [
        "cli",
        "glue",
        "rlang"
      ]
    },
    "yaml": {
      "Package": "yaml",
      "Version": "2.3.5",
      "Source": "Repository",
      "Repository": "CRAN",
      "Hash": "458bb38374d73bf83b1bb85e353da200",
      "Requirements": []
    },
    "zlibbioc": {
      "Package": "zlibbioc",
      "Version": "1.42.0",
      "Source": "Bioconductor",
      "git_url": "https://git.bioconductor.org/packages/zlibbioc",
      "git_branch": "RELEASE_3_15",
      "git_last_commit": "aa074d7",
      "git_last_commit_date": "2022-04-26",
      "Hash": "908694d02f7332d0576e7c881e572c5a",
      "Requirements": []
    }
  }
}
